
Microsoft Visual Studio Solution File, Format Version 12.00
# Visual Studio 15
VisualStudioVersion = 15.0.27703.2042
MinimumVisualStudioVersion = 10.0.40219.1
Project("{FAE04EC0-301F-11D3-BF4B-00C04F79EFBC}") = "przyklad2", "przyklad2\przyklad2.csproj", "{B1E9059D-F64C-44EF-AAC7-0A2A46E8C577}"
EndProject
Global
	GlobalSection(SolutionConfigurationPlatforms) = preSolution
		Debug|Any CPU = Debug|Any CPU
		Release|Any CPU = Release|Any CPU
	EndGlobalSection
	GlobalSection(ProjectConfigurationPlatforms) = postSolution
		{B1E9059D-F64C-44EF-AAC7-0A2A46E8C577}.Debug|Any CPU.ActiveCfg = Debug|Any CPU
		{B1E9059D-F64C-44EF-AAC7-0A2A46E8C577}.Debug|Any CPU.Build.0 = Debug|Any CPU
		{B1E9059D-F64C-44EF-AAC7-0A2A46E8C577}.Release|Any CPU.ActiveCfg = Release|Any CPU
		{B1E9059D-F64C-44EF-AAC7-0A2A46E8C577}.Release|Any CPU.Build.0 = Release|Any CPU
	EndGlobalSection
	GlobalSection(SolutionProperties) = preSolution
		HideSolutionNode = FALSE
	EndGlobalSection
	GlobalSection(ExtensibilityGlobals) = postSolution
		SolutionGuid = {370BE951-7231-45B8-A0F5-8C3F26AC90FE}
	EndGlobalSection
EndGlobal
