
Microsoft Visual Studio Solution File, Format Version 12.00
# Visual Studio 15
VisualStudioVersion = 15.0.27130.2010
MinimumVisualStudioVersion = 10.0.40219.1
Project("{FAE04EC0-301F-11D3-BF4B-00C04F79EFBC}") = "8. Zadania", "8. Zadania\8. Zadania.csproj", "{2850EBC1-D55D-4407-87D3-0FD3637E7A6C}"
EndProject
Global
	GlobalSection(SolutionConfigurationPlatforms) = preSolution
		Debug|Any CPU = Debug|Any CPU
		Release|Any CPU = Release|Any CPU
	EndGlobalSection
	GlobalSection(ProjectConfigurationPlatforms) = postSolution
		{2850EBC1-D55D-4407-87D3-0FD3637E7A6C}.Debug|Any CPU.ActiveCfg = Debug|Any CPU
		{2850EBC1-D55D-4407-87D3-0FD3637E7A6C}.Debug|Any CPU.Build.0 = Debug|Any CPU
		{2850EBC1-D55D-4407-87D3-0FD3637E7A6C}.Release|Any CPU.ActiveCfg = Release|Any CPU
		{2850EBC1-D55D-4407-87D3-0FD3637E7A6C}.Release|Any CPU.Build.0 = Release|Any CPU
	EndGlobalSection
	GlobalSection(SolutionProperties) = preSolution
		HideSolutionNode = FALSE
	EndGlobalSection
	GlobalSection(ExtensibilityGlobals) = postSolution
		SolutionGuid = {9BB867DF-7DB8-4E5F-BE64-957818F53699}
	EndGlobalSection
EndGlobal
