
Microsoft Visual Studio Solution File, Format Version 12.00
# Visual Studio 15
VisualStudioVersion = 15.0.27130.2010
MinimumVisualStudioVersion = 10.0.40219.1
Project("{FAE04EC0-301F-11D3-BF4B-00C04F79EFBC}") = "5. Zadanie", "5. Zadanie\5. Zadanie.csproj", "{04174740-3EB5-4C06-9C6A-EDDD38DE1F40}"
EndProject
Global
	GlobalSection(SolutionConfigurationPlatforms) = preSolution
		Debug|Any CPU = Debug|Any CPU
		Release|Any CPU = Release|Any CPU
	EndGlobalSection
	GlobalSection(ProjectConfigurationPlatforms) = postSolution
		{04174740-3EB5-4C06-9C6A-EDDD38DE1F40}.Debug|Any CPU.ActiveCfg = Debug|Any CPU
		{04174740-3EB5-4C06-9C6A-EDDD38DE1F40}.Debug|Any CPU.Build.0 = Debug|Any CPU
		{04174740-3EB5-4C06-9C6A-EDDD38DE1F40}.Release|Any CPU.ActiveCfg = Release|Any CPU
		{04174740-3EB5-4C06-9C6A-EDDD38DE1F40}.Release|Any CPU.Build.0 = Release|Any CPU
	EndGlobalSection
	GlobalSection(SolutionProperties) = preSolution
		HideSolutionNode = FALSE
	EndGlobalSection
	GlobalSection(ExtensibilityGlobals) = postSolution
		SolutionGuid = {08AF1F35-DFF2-46F2-8F14-13C3EC1B1274}
	EndGlobalSection
EndGlobal
